// !$*UTF8*$!
{
	archiveVersion = 1;
	classes = {
	};
	objectVersion = 56;
	objects = {

/* Begin PBXBuildFile section */
		180232E129BA2D7C00606514 /* welcomeViewController.swift in Sources */ = {isa = PBXBuildFile; fileRef = 180232E029BA2D7900606514 /* welcomeViewController.swift */; };
		1888E66429B7898600B255A5 /* userProfileViewController.swift in Sources */ = {isa = PBXBuildFile; fileRef = 1888E66329B7898500B255A5 /* userProfileViewController.swift */; };
		1888E66629B7D30100B255A5 /* LoginDataModel.swift in Sources */ = {isa = PBXBuildFile; fileRef = 1888E66529B7D2FF00B255A5 /* LoginDataModel.swift */; };
		18940AE929B4B97D0097F698 /* URLs.swift in Sources */ = {isa = PBXBuildFile; fileRef = 18940AE829B4B97D0097F698 /* URLs.swift */; };
		18940AEB29B4C4DC0097F698 /* registerDataModel.swift in Sources */ = {isa = PBXBuildFile; fileRef = 18940AEA29B4C4DC0097F698 /* registerDataModel.swift */; };
		18940AED29B4C5D40097F698 /* Encodable + extension.swift in Sources */ = {isa = PBXBuildFile; fileRef = 18940AEC29B4C5D40097F698 /* Encodable + extension.swift */; };
		18A876A129B5259700918DD5 /* Alamofire in Frameworks */ = {isa = PBXBuildFile; productRef = 18A876A029B5259700918DD5 /* Alamofire */; };
		18B27C8629B6D22600D5A4F5 /* RegisterViewModel.swift in Sources */ = {isa = PBXBuildFile; fileRef = 18B27C8529B6D22500D5A4F5 /* RegisterViewModel.swift */; };
		18B27C8929B6E50700D5A4F5 /* coreDataFunctions.swift in Sources */ = {isa = PBXBuildFile; fileRef = 18B27C8829B6E50600D5A4F5 /* coreDataFunctions.swift */; };
		18C3FED329BE31230068C089 /* favProductCoreData.swift in Sources */ = {isa = PBXBuildFile; fileRef = 18C3FED229BE31230068C089 /* favProductCoreData.swift */; };
		18C3FED629BE35130068C089 /* favProductViewController.swift in Sources */ = {isa = PBXBuildFile; fileRef = 18C3FED529BE35130068C089 /* favProductViewController.swift */; };
		18C3FED829BE36B40068C089 /* favTableViewCell.swift in Sources */ = {isa = PBXBuildFile; fileRef = 18C3FED729BE36B40068C089 /* favTableViewCell.swift */; };
		33F720F807B87DCB40165C08 /* Pods_InStock_InStockUITests.framework in Frameworks */ = {isa = PBXBuildFile; fileRef = 7A0FC220F7DFC96DB2B5597D /* Pods_InStock_InStockUITests.framework */; };
		44156EA129B3EC5800FF473B /* Cosmos in Frameworks */ = {isa = PBXBuildFile; productRef = 44156EA029B3EC5800FF473B /* Cosmos */; };
		44156EA829B3ED1200FF473B /* productInfoViewController.swift in Sources */ = {isa = PBXBuildFile; fileRef = 44156EA729B3ED1200FF473B /* productInfoViewController.swift */; };
		44156EAA29B3ED2C00FF473B /* productImgCollectionViewCell.swift in Sources */ = {isa = PBXBuildFile; fileRef = 44156EA929B3ED2B00FF473B /* productImgCollectionViewCell.swift */; };
		44156EAC29B3ED9200FF473B /* ProductInfoViewModel.swift in Sources */ = {isa = PBXBuildFile; fileRef = 44156EAB29B3ED9200FF473B /* ProductInfoViewModel.swift */; };
		44156EAE29B3EDB800FF473B /* productInfoDataModel.swift in Sources */ = {isa = PBXBuildFile; fileRef = 44156EAD29B3EDB800FF473B /* productInfoDataModel.swift */; };
		447832F229B4F27E0006E045 /* RegisterViewController.swift in Sources */ = {isa = PBXBuildFile; fileRef = 447832F129B4F27E0006E045 /* RegisterViewController.swift */; };
		447832F529B4F2E50006E045 /* SignInViewController.swift in Sources */ = {isa = PBXBuildFile; fileRef = 447832F429B4F2E50006E045 /* SignInViewController.swift */; };
		447832F829B4F9AD0006E045 /* SearchViewController.swift in Sources */ = {isa = PBXBuildFile; fileRef = 447832F729B4F9AD0006E045 /* SearchViewController.swift */; };
		447832FA29B4F9B70006E045 /* ProductCollectionViewCell.swift in Sources */ = {isa = PBXBuildFile; fileRef = 447832F929B4F9B70006E045 /* ProductCollectionViewCell.swift */; };
		447832FC29B4FC9C0006E045 /* SearchViewModel.swift in Sources */ = {isa = PBXBuildFile; fileRef = 447832FB29B4FC9C0006E045 /* SearchViewModel.swift */; };
		5384609506FBED1A8EF8F5CC /* Pods_InStockTests.framework in Frameworks */ = {isa = PBXBuildFile; fileRef = B52DAE28F916ADB0B169A659 /* Pods_InStockTests.framework */; };
		AF06D3C829BBFE050096F0E8 /* AddressTableVC.swift in Sources */ = {isa = PBXBuildFile; fileRef = AF06D3C729BBFE050096F0E8 /* AddressTableVC.swift */; };
		AF06D3CA29BBFF0D0096F0E8 /* AddressDataModel.swift in Sources */ = {isa = PBXBuildFile; fileRef = AF06D3C929BBFF0D0096F0E8 /* AddressDataModel.swift */; };
		AF06D3CC29BC000A0096F0E8 /* AddressViewModel.swift in Sources */ = {isa = PBXBuildFile; fileRef = AF06D3CB29BC000A0096F0E8 /* AddressViewModel.swift */; };
		AF06D3CE29BC00900096F0E8 /* AddressNetworkManger.swift in Sources */ = {isa = PBXBuildFile; fileRef = AF06D3CD29BC00900096F0E8 /* AddressNetworkManger.swift */; };
		AF0F700F29AE104800077816 /* AppDelegate.swift in Sources */ = {isa = PBXBuildFile; fileRef = AF0F700E29AE104800077816 /* AppDelegate.swift */; };
		AF0F701129AE104800077816 /* SceneDelegate.swift in Sources */ = {isa = PBXBuildFile; fileRef = AF0F701029AE104800077816 /* SceneDelegate.swift */; };
		AF0F701329AE104800077816 /* HomeViewController.swift in Sources */ = {isa = PBXBuildFile; fileRef = AF0F701229AE104800077816 /* HomeViewController.swift */; };
		AF0F701629AE104800077816 /* Main.storyboard in Resources */ = {isa = PBXBuildFile; fileRef = AF0F701429AE104800077816 /* Main.storyboard */; };
		AF0F701929AE104800077816 /* InStock.xcdatamodeld in Sources */ = {isa = PBXBuildFile; fileRef = AF0F701729AE104800077816 /* InStock.xcdatamodeld */; };
		AF0F701B29AE104A00077816 /* Assets.xcassets in Resources */ = {isa = PBXBuildFile; fileRef = AF0F701A29AE104A00077816 /* Assets.xcassets */; };
		AF0F701E29AE104A00077816 /* LaunchScreen.storyboard in Resources */ = {isa = PBXBuildFile; fileRef = AF0F701C29AE104A00077816 /* LaunchScreen.storyboard */; };
		AF0F702929AE104B00077816 /* InStockTests.swift in Sources */ = {isa = PBXBuildFile; fileRef = AF0F702829AE104B00077816 /* InStockTests.swift */; };
		AF0F703329AE104B00077816 /* InStockUITests.swift in Sources */ = {isa = PBXBuildFile; fileRef = AF0F703229AE104B00077816 /* InStockUITests.swift */; };
		AF0F703529AE104B00077816 /* InStockUITestsLaunchTests.swift in Sources */ = {isa = PBXBuildFile; fileRef = AF0F703429AE104B00077816 /* InStockUITestsLaunchTests.swift */; };
		AF1CD7D729AFCCA200DA4EE9 /* CouponCollectionViewCell.swift in Sources */ = {isa = PBXBuildFile; fileRef = AF1CD7D629AFCCA200DA4EE9 /* CouponCollectionViewCell.swift */; };
		AF1F028729BC11D200D15819 /* AddAddressVC.swift in Sources */ = {isa = PBXBuildFile; fileRef = AF1F028629BC11D200D15819 /* AddAddressVC.swift */; };
		AF229CFC29B8D11C0050D8BE /* PayMethodsVC.swift in Sources */ = {isa = PBXBuildFile; fileRef = AF229CFB29B8D11C0050D8BE /* PayMethodsVC.swift */; };
		AF643FF529BE006B0098B5FF /* SettingViewCell.swift in Sources */ = {isa = PBXBuildFile; fileRef = AF643FF429BE006B0098B5FF /* SettingViewCell.swift */; };
		AF643FF829BE154A0098B5FF /* AboutUsVC.swift in Sources */ = {isa = PBXBuildFile; fileRef = AF643FF729BE154A0098B5FF /* AboutUsVC.swift */; };
		AF643FFB29BE18570098B5FF /* ContactUsVC.swift in Sources */ = {isa = PBXBuildFile; fileRef = AF643FFA29BE18570098B5FF /* ContactUsVC.swift */; };
		AF9EAA3E29B6001900333702 /* CartViewController.swift in Sources */ = {isa = PBXBuildFile; fileRef = AF9EAA3D29B6001900333702 /* CartViewController.swift */; };
		AF9EAA4029B6031400333702 /* CartViewCell.swift in Sources */ = {isa = PBXBuildFile; fileRef = AF9EAA3F29B6031400333702 /* CartViewCell.swift */; };
		AF9EAA4329B6061100333702 /* CartProductModel.swift in Sources */ = {isa = PBXBuildFile; fileRef = AF9EAA4229B6061100333702 /* CartProductModel.swift */; };
		AF9EAA4529B6068E00333702 /* CartModel.swift in Sources */ = {isa = PBXBuildFile; fileRef = AF9EAA4429B6068E00333702 /* CartModel.swift */; };
		AF9EAA4D29B60C4000333702 /* CartRepo.swift in Sources */ = {isa = PBXBuildFile; fileRef = AF9EAA4C29B60C3F00333702 /* CartRepo.swift */; };
		AF9EAA5029B60C9A00333702 /* KeyChain.swift in Sources */ = {isa = PBXBuildFile; fileRef = AF9EAA4F29B60C9A00333702 /* KeyChain.swift */; };
		AF9EAA5229B60D4200333702 /* CartKeyChain.swift in Sources */ = {isa = PBXBuildFile; fileRef = AF9EAA5129B60D4200333702 /* CartKeyChain.swift */; };
		AFD9F61129BAB85B00F51A03 /* PlaceOrderVC.swift in Sources */ = {isa = PBXBuildFile; fileRef = AFD9F61029BAB85A00F51A03 /* PlaceOrderVC.swift */; };
		E36B672C30D5CC9CE12246C6 /* Pods_InStock.framework in Frameworks */ = {isa = PBXBuildFile; fileRef = 78E2FBFA0D4485434CB13F6A /* Pods_InStock.framework */; };
		F006F7AF29BDE1B100D0E864 /* OrderDataModel.swift in Sources */ = {isa = PBXBuildFile; fileRef = F006F7AE29BDE1B100D0E864 /* OrderDataModel.swift */; };
		F006F7B129BDE1F100D0E864 /* OrderNetworkManger.swift in Sources */ = {isa = PBXBuildFile; fileRef = F006F7B029BDE1F100D0E864 /* OrderNetworkManger.swift */; };
		F006F7B429BE021100D0E864 /* OrderTableVC.swift in Sources */ = {isa = PBXBuildFile; fileRef = F006F7B329BE021100D0E864 /* OrderTableVC.swift */; };
		F032D7B129B14657001284D4 /* BrandDetailsVC.swift in Sources */ = {isa = PBXBuildFile; fileRef = F032D7B029B14657001284D4 /* BrandDetailsVC.swift */; };
		F032D7B329B14EFF001284D4 /* BrandDetailsCell.swift in Sources */ = {isa = PBXBuildFile; fileRef = F032D7B229B14EFF001284D4 /* BrandDetailsCell.swift */; };
		F043C26229B07EE200DA7AA5 /* CategoryCollectionViewCell.swift in Sources */ = {isa = PBXBuildFile; fileRef = F043C26129B07EE200DA7AA5 /* CategoryCollectionViewCell.swift */; };
		F043C26429B07F0C00DA7AA5 /* CategoryViewController.swift in Sources */ = {isa = PBXBuildFile; fileRef = F043C26329B07F0C00DA7AA5 /* CategoryViewController.swift */; };
		F043C26629B0898C00DA7AA5 /* CategoryViewModel.swift in Sources */ = {isa = PBXBuildFile; fileRef = F043C26529B0898C00DA7AA5 /* CategoryViewModel.swift */; };
		F052EC8A29BD61A800D0623B /* SettingsVC.swift in Sources */ = {isa = PBXBuildFile; fileRef = F052EC8929BD61A800D0623B /* SettingsVC.swift */; };
		F0906E4929B2C791009289A3 /* BrandDataModel.swift in Sources */ = {isa = PBXBuildFile; fileRef = F0906E4829B2C791009289A3 /* BrandDataModel.swift */; };
		F0E9ADEF29B0182A00A9D208 /* BrandsCollectionViewCell.swift in Sources */ = {isa = PBXBuildFile; fileRef = F0E9ADEE29B0182A00A9D208 /* BrandsCollectionViewCell.swift */; };
		F0E9ADF229B0288300A9D208 /* NetworkManger.swift in Sources */ = {isa = PBXBuildFile; fileRef = F0E9ADF129B0288300A9D208 /* NetworkManger.swift */; };
		F0E9ADF429B0292F00A9D208 /* DataModel.swift in Sources */ = {isa = PBXBuildFile; fileRef = F0E9ADF329B0292F00A9D208 /* DataModel.swift */; };
		F0E9ADF729B02D5200A9D208 /* HomeViewModel.swift in Sources */ = {isa = PBXBuildFile; fileRef = F0E9ADF629B02D5200A9D208 /* HomeViewModel.swift */; };
		F0E9ADF929B0499B00A9D208 /* HomeViewExtension.swift in Sources */ = {isa = PBXBuildFile; fileRef = F0E9ADF829B0499B00A9D208 /* HomeViewExtension.swift */; };
/* End PBXBuildFile section */

/* Begin PBXContainerItemProxy section */
		AF0F702529AE104B00077816 /* PBXContainerItemProxy */ = {
			isa = PBXContainerItemProxy;
			containerPortal = AF0F700329AE104800077816 /* Project object */;
			proxyType = 1;
			remoteGlobalIDString = AF0F700A29AE104800077816;
			remoteInfo = InStock;
		};
		AF0F702F29AE104B00077816 /* PBXContainerItemProxy */ = {
			isa = PBXContainerItemProxy;
			containerPortal = AF0F700329AE104800077816 /* Project object */;
			proxyType = 1;
			remoteGlobalIDString = AF0F700A29AE104800077816;
			remoteInfo = InStock;
		};
/* End PBXContainerItemProxy section */

/* Begin PBXFileReference section */
		004308D6FE6A323CDC447213 /* Pods-InStock.release.xcconfig */ = {isa = PBXFileReference; includeInIndex = 1; lastKnownFileType = text.xcconfig; name = "Pods-InStock.release.xcconfig"; path = "Target Support Files/Pods-InStock/Pods-InStock.release.xcconfig"; sourceTree = "<group>"; };
		0B95FB56A2F6CBD7478B62A7 /* Pods-InStock-InStockUITests.release.xcconfig */ = {isa = PBXFileReference; includeInIndex = 1; lastKnownFileType = text.xcconfig; name = "Pods-InStock-InStockUITests.release.xcconfig"; path = "Target Support Files/Pods-InStock-InStockUITests/Pods-InStock-InStockUITests.release.xcconfig"; sourceTree = "<group>"; };
		180232E029BA2D7900606514 /* welcomeViewController.swift */ = {isa = PBXFileReference; lastKnownFileType = sourcecode.swift; path = welcomeViewController.swift; sourceTree = "<group>"; };
		1888E66329B7898500B255A5 /* userProfileViewController.swift */ = {isa = PBXFileReference; lastKnownFileType = sourcecode.swift; path = userProfileViewController.swift; sourceTree = "<group>"; };
		1888E66529B7D2FF00B255A5 /* LoginDataModel.swift */ = {isa = PBXFileReference; lastKnownFileType = sourcecode.swift; path = LoginDataModel.swift; sourceTree = "<group>"; };
		18940AE829B4B97D0097F698 /* URLs.swift */ = {isa = PBXFileReference; lastKnownFileType = sourcecode.swift; path = URLs.swift; sourceTree = "<group>"; };
		18940AEA29B4C4DC0097F698 /* registerDataModel.swift */ = {isa = PBXFileReference; lastKnownFileType = sourcecode.swift; path = registerDataModel.swift; sourceTree = "<group>"; };
		18940AEC29B4C5D40097F698 /* Encodable + extension.swift */ = {isa = PBXFileReference; lastKnownFileType = sourcecode.swift; path = "Encodable + extension.swift"; sourceTree = "<group>"; };
		18B27C8529B6D22500D5A4F5 /* RegisterViewModel.swift */ = {isa = PBXFileReference; lastKnownFileType = sourcecode.swift; path = RegisterViewModel.swift; sourceTree = "<group>"; };
		18B27C8829B6E50600D5A4F5 /* coreDataFunctions.swift */ = {isa = PBXFileReference; lastKnownFileType = sourcecode.swift; path = coreDataFunctions.swift; sourceTree = "<group>"; };
		18C3FED229BE31230068C089 /* favProductCoreData.swift */ = {isa = PBXFileReference; lastKnownFileType = sourcecode.swift; path = favProductCoreData.swift; sourceTree = "<group>"; };
		18C3FED529BE35130068C089 /* favProductViewController.swift */ = {isa = PBXFileReference; lastKnownFileType = sourcecode.swift; path = favProductViewController.swift; sourceTree = "<group>"; };
		18C3FED729BE36B40068C089 /* favTableViewCell.swift */ = {isa = PBXFileReference; lastKnownFileType = sourcecode.swift; path = favTableViewCell.swift; sourceTree = "<group>"; };
		2CF018CBEFB4A918E50D63DB /* Pods-InStockTests.debug.xcconfig */ = {isa = PBXFileReference; includeInIndex = 1; lastKnownFileType = text.xcconfig; name = "Pods-InStockTests.debug.xcconfig"; path = "Target Support Files/Pods-InStockTests/Pods-InStockTests.debug.xcconfig"; sourceTree = "<group>"; };
		44156EA729B3ED1200FF473B /* productInfoViewController.swift */ = {isa = PBXFileReference; lastKnownFileType = sourcecode.swift; path = productInfoViewController.swift; sourceTree = "<group>"; };
		44156EA929B3ED2B00FF473B /* productImgCollectionViewCell.swift */ = {isa = PBXFileReference; lastKnownFileType = sourcecode.swift; path = productImgCollectionViewCell.swift; sourceTree = "<group>"; };
		44156EAB29B3ED9200FF473B /* ProductInfoViewModel.swift */ = {isa = PBXFileReference; fileEncoding = 4; lastKnownFileType = sourcecode.swift; path = ProductInfoViewModel.swift; sourceTree = "<group>"; };
		44156EAD29B3EDB800FF473B /* productInfoDataModel.swift */ = {isa = PBXFileReference; fileEncoding = 4; lastKnownFileType = sourcecode.swift; path = productInfoDataModel.swift; sourceTree = "<group>"; };
		447832F129B4F27E0006E045 /* RegisterViewController.swift */ = {isa = PBXFileReference; fileEncoding = 4; lastKnownFileType = sourcecode.swift; path = RegisterViewController.swift; sourceTree = "<group>"; };
		447832F429B4F2E50006E045 /* SignInViewController.swift */ = {isa = PBXFileReference; fileEncoding = 4; lastKnownFileType = sourcecode.swift; path = SignInViewController.swift; sourceTree = "<group>"; };
		447832F729B4F9AD0006E045 /* SearchViewController.swift */ = {isa = PBXFileReference; fileEncoding = 4; lastKnownFileType = sourcecode.swift; path = SearchViewController.swift; sourceTree = "<group>"; };
		447832F929B4F9B70006E045 /* ProductCollectionViewCell.swift */ = {isa = PBXFileReference; fileEncoding = 4; lastKnownFileType = sourcecode.swift; path = ProductCollectionViewCell.swift; sourceTree = "<group>"; };
		447832FB29B4FC9C0006E045 /* SearchViewModel.swift */ = {isa = PBXFileReference; fileEncoding = 4; lastKnownFileType = sourcecode.swift; path = SearchViewModel.swift; sourceTree = "<group>"; };
		44CCB892BA9B21A38FC8373C /* Pods-InStock-InStockUITests.debug.xcconfig */ = {isa = PBXFileReference; includeInIndex = 1; lastKnownFileType = text.xcconfig; name = "Pods-InStock-InStockUITests.debug.xcconfig"; path = "Target Support Files/Pods-InStock-InStockUITests/Pods-InStock-InStockUITests.debug.xcconfig"; sourceTree = "<group>"; };
		463FF0C418679AF10902C0E9 /* Pods-InStock.debug.xcconfig */ = {isa = PBXFileReference; includeInIndex = 1; lastKnownFileType = text.xcconfig; name = "Pods-InStock.debug.xcconfig"; path = "Target Support Files/Pods-InStock/Pods-InStock.debug.xcconfig"; sourceTree = "<group>"; };
		78E2FBFA0D4485434CB13F6A /* Pods_InStock.framework */ = {isa = PBXFileReference; explicitFileType = wrapper.framework; includeInIndex = 0; path = Pods_InStock.framework; sourceTree = BUILT_PRODUCTS_DIR; };
		7A0FC220F7DFC96DB2B5597D /* Pods_InStock_InStockUITests.framework */ = {isa = PBXFileReference; explicitFileType = wrapper.framework; includeInIndex = 0; path = Pods_InStock_InStockUITests.framework; sourceTree = BUILT_PRODUCTS_DIR; };
		7AE6A8A82C714E9FFE9A4471 /* Pods-InStockTests.release.xcconfig */ = {isa = PBXFileReference; includeInIndex = 1; lastKnownFileType = text.xcconfig; name = "Pods-InStockTests.release.xcconfig"; path = "Target Support Files/Pods-InStockTests/Pods-InStockTests.release.xcconfig"; sourceTree = "<group>"; };
		AF06D3C729BBFE050096F0E8 /* AddressTableVC.swift */ = {isa = PBXFileReference; lastKnownFileType = sourcecode.swift; path = AddressTableVC.swift; sourceTree = "<group>"; };
		AF06D3C929BBFF0D0096F0E8 /* AddressDataModel.swift */ = {isa = PBXFileReference; lastKnownFileType = sourcecode.swift; path = AddressDataModel.swift; sourceTree = "<group>"; };
		AF06D3CB29BC000A0096F0E8 /* AddressViewModel.swift */ = {isa = PBXFileReference; lastKnownFileType = sourcecode.swift; path = AddressViewModel.swift; sourceTree = "<group>"; };
		AF06D3CD29BC00900096F0E8 /* AddressNetworkManger.swift */ = {isa = PBXFileReference; lastKnownFileType = sourcecode.swift; path = AddressNetworkManger.swift; sourceTree = "<group>"; };
		AF0F700B29AE104800077816 /* InStock.app */ = {isa = PBXFileReference; explicitFileType = wrapper.application; includeInIndex = 0; path = InStock.app; sourceTree = BUILT_PRODUCTS_DIR; };
		AF0F700E29AE104800077816 /* AppDelegate.swift */ = {isa = PBXFileReference; lastKnownFileType = sourcecode.swift; path = AppDelegate.swift; sourceTree = "<group>"; };
		AF0F701029AE104800077816 /* SceneDelegate.swift */ = {isa = PBXFileReference; lastKnownFileType = sourcecode.swift; path = SceneDelegate.swift; sourceTree = "<group>"; };
		AF0F701229AE104800077816 /* HomeViewController.swift */ = {isa = PBXFileReference; lastKnownFileType = sourcecode.swift; path = HomeViewController.swift; sourceTree = "<group>"; };
		AF0F701529AE104800077816 /* Base */ = {isa = PBXFileReference; lastKnownFileType = file.storyboard; name = Base; path = Base.lproj/Main.storyboard; sourceTree = "<group>"; };
		AF0F701829AE104800077816 /* InStock.xcdatamodel */ = {isa = PBXFileReference; lastKnownFileType = wrapper.xcdatamodel; path = InStock.xcdatamodel; sourceTree = "<group>"; };
		AF0F701A29AE104A00077816 /* Assets.xcassets */ = {isa = PBXFileReference; lastKnownFileType = folder.assetcatalog; path = Assets.xcassets; sourceTree = "<group>"; };
		AF0F701D29AE104A00077816 /* Base */ = {isa = PBXFileReference; lastKnownFileType = file.storyboard; name = Base; path = Base.lproj/LaunchScreen.storyboard; sourceTree = "<group>"; };
		AF0F701F29AE104A00077816 /* Info.plist */ = {isa = PBXFileReference; lastKnownFileType = text.plist.xml; path = Info.plist; sourceTree = "<group>"; };
		AF0F702429AE104B00077816 /* InStockTests.xctest */ = {isa = PBXFileReference; explicitFileType = wrapper.cfbundle; includeInIndex = 0; path = InStockTests.xctest; sourceTree = BUILT_PRODUCTS_DIR; };
		AF0F702829AE104B00077816 /* InStockTests.swift */ = {isa = PBXFileReference; lastKnownFileType = sourcecode.swift; path = InStockTests.swift; sourceTree = "<group>"; };
		AF0F702E29AE104B00077816 /* InStockUITests.xctest */ = {isa = PBXFileReference; explicitFileType = wrapper.cfbundle; includeInIndex = 0; path = InStockUITests.xctest; sourceTree = BUILT_PRODUCTS_DIR; };
		AF0F703229AE104B00077816 /* InStockUITests.swift */ = {isa = PBXFileReference; lastKnownFileType = sourcecode.swift; path = InStockUITests.swift; sourceTree = "<group>"; };
		AF0F703429AE104B00077816 /* InStockUITestsLaunchTests.swift */ = {isa = PBXFileReference; lastKnownFileType = sourcecode.swift; path = InStockUITestsLaunchTests.swift; sourceTree = "<group>"; };
		AF1CD7D629AFCCA200DA4EE9 /* CouponCollectionViewCell.swift */ = {isa = PBXFileReference; lastKnownFileType = sourcecode.swift; path = CouponCollectionViewCell.swift; sourceTree = "<group>"; };
		AF1F028629BC11D200D15819 /* AddAddressVC.swift */ = {isa = PBXFileReference; lastKnownFileType = sourcecode.swift; path = AddAddressVC.swift; sourceTree = "<group>"; };
		AF229CFB29B8D11C0050D8BE /* PayMethodsVC.swift */ = {isa = PBXFileReference; lastKnownFileType = sourcecode.swift; path = PayMethodsVC.swift; sourceTree = "<group>"; };
		AF229CFD29B8D2170050D8BE /* InStock.entitlements */ = {isa = PBXFileReference; lastKnownFileType = text.plist.entitlements; path = InStock.entitlements; sourceTree = "<group>"; };
		AF643FF429BE006B0098B5FF /* SettingViewCell.swift */ = {isa = PBXFileReference; lastKnownFileType = sourcecode.swift; path = SettingViewCell.swift; sourceTree = "<group>"; };
		AF643FF729BE154A0098B5FF /* AboutUsVC.swift */ = {isa = PBXFileReference; lastKnownFileType = sourcecode.swift; path = AboutUsVC.swift; sourceTree = "<group>"; };
		AF643FFA29BE18570098B5FF /* ContactUsVC.swift */ = {isa = PBXFileReference; lastKnownFileType = sourcecode.swift; path = ContactUsVC.swift; sourceTree = "<group>"; };
		AF9EAA3D29B6001900333702 /* CartViewController.swift */ = {isa = PBXFileReference; lastKnownFileType = sourcecode.swift; path = CartViewController.swift; sourceTree = "<group>"; };
		AF9EAA3F29B6031400333702 /* CartViewCell.swift */ = {isa = PBXFileReference; lastKnownFileType = sourcecode.swift; path = CartViewCell.swift; sourceTree = "<group>"; };
		AF9EAA4229B6061100333702 /* CartProductModel.swift */ = {isa = PBXFileReference; lastKnownFileType = sourcecode.swift; path = CartProductModel.swift; sourceTree = "<group>"; };
		AF9EAA4429B6068E00333702 /* CartModel.swift */ = {isa = PBXFileReference; lastKnownFileType = sourcecode.swift; path = CartModel.swift; sourceTree = "<group>"; };
		AF9EAA4C29B60C3F00333702 /* CartRepo.swift */ = {isa = PBXFileReference; lastKnownFileType = sourcecode.swift; path = CartRepo.swift; sourceTree = "<group>"; };
		AF9EAA4F29B60C9A00333702 /* KeyChain.swift */ = {isa = PBXFileReference; lastKnownFileType = sourcecode.swift; path = KeyChain.swift; sourceTree = "<group>"; };
		AF9EAA5129B60D4200333702 /* CartKeyChain.swift */ = {isa = PBXFileReference; lastKnownFileType = sourcecode.swift; path = CartKeyChain.swift; sourceTree = "<group>"; };
		AFD9F61029BAB85A00F51A03 /* PlaceOrderVC.swift */ = {isa = PBXFileReference; lastKnownFileType = sourcecode.swift; path = PlaceOrderVC.swift; sourceTree = "<group>"; };
		B52DAE28F916ADB0B169A659 /* Pods_InStockTests.framework */ = {isa = PBXFileReference; explicitFileType = wrapper.framework; includeInIndex = 0; path = Pods_InStockTests.framework; sourceTree = BUILT_PRODUCTS_DIR; };
		F006F7AE29BDE1B100D0E864 /* OrderDataModel.swift */ = {isa = PBXFileReference; lastKnownFileType = sourcecode.swift; path = OrderDataModel.swift; sourceTree = "<group>"; };
		F006F7B029BDE1F100D0E864 /* OrderNetworkManger.swift */ = {isa = PBXFileReference; lastKnownFileType = sourcecode.swift; path = OrderNetworkManger.swift; sourceTree = "<group>"; };
		F006F7B329BE021100D0E864 /* OrderTableVC.swift */ = {isa = PBXFileReference; lastKnownFileType = sourcecode.swift; path = OrderTableVC.swift; sourceTree = "<group>"; };
		F032D7B029B14657001284D4 /* BrandDetailsVC.swift */ = {isa = PBXFileReference; lastKnownFileType = sourcecode.swift; path = BrandDetailsVC.swift; sourceTree = "<group>"; };
		F032D7B229B14EFF001284D4 /* BrandDetailsCell.swift */ = {isa = PBXFileReference; lastKnownFileType = sourcecode.swift; path = BrandDetailsCell.swift; sourceTree = "<group>"; };
		F043C26129B07EE200DA7AA5 /* CategoryCollectionViewCell.swift */ = {isa = PBXFileReference; lastKnownFileType = sourcecode.swift; path = CategoryCollectionViewCell.swift; sourceTree = "<group>"; };
		F043C26329B07F0C00DA7AA5 /* CategoryViewController.swift */ = {isa = PBXFileReference; lastKnownFileType = sourcecode.swift; path = CategoryViewController.swift; sourceTree = "<group>"; };
		F043C26529B0898C00DA7AA5 /* CategoryViewModel.swift */ = {isa = PBXFileReference; lastKnownFileType = sourcecode.swift; path = CategoryViewModel.swift; sourceTree = "<group>"; };
		F052EC8929BD61A800D0623B /* SettingsVC.swift */ = {isa = PBXFileReference; lastKnownFileType = sourcecode.swift; path = SettingsVC.swift; sourceTree = "<group>"; };
		F0906E4829B2C791009289A3 /* BrandDataModel.swift */ = {isa = PBXFileReference; lastKnownFileType = sourcecode.swift; path = BrandDataModel.swift; sourceTree = "<group>"; };
		F0E9ADEE29B0182A00A9D208 /* BrandsCollectionViewCell.swift */ = {isa = PBXFileReference; lastKnownFileType = sourcecode.swift; path = BrandsCollectionViewCell.swift; sourceTree = "<group>"; };
		F0E9ADF129B0288300A9D208 /* NetworkManger.swift */ = {isa = PBXFileReference; lastKnownFileType = sourcecode.swift; path = NetworkManger.swift; sourceTree = "<group>"; };
		F0E9ADF329B0292F00A9D208 /* DataModel.swift */ = {isa = PBXFileReference; lastKnownFileType = sourcecode.swift; path = DataModel.swift; sourceTree = "<group>"; };
		F0E9ADF629B02D5200A9D208 /* HomeViewModel.swift */ = {isa = PBXFileReference; lastKnownFileType = sourcecode.swift; path = HomeViewModel.swift; sourceTree = "<group>"; };
		F0E9ADF829B0499B00A9D208 /* HomeViewExtension.swift */ = {isa = PBXFileReference; lastKnownFileType = sourcecode.swift; path = HomeViewExtension.swift; sourceTree = "<group>"; };
/* End PBXFileReference section */

/* Begin PBXFrameworksBuildPhase section */
		AF0F700829AE104800077816 /* Frameworks */ = {
			isa = PBXFrameworksBuildPhase;
			buildActionMask = 2147483647;
			files = (
				18A876A129B5259700918DD5 /* Alamofire in Frameworks */,
				44156EA129B3EC5800FF473B /* Cosmos in Frameworks */,
				E36B672C30D5CC9CE12246C6 /* Pods_InStock.framework in Frameworks */,
			);
			runOnlyForDeploymentPostprocessing = 0;
		};
		AF0F702129AE104B00077816 /* Frameworks */ = {
			isa = PBXFrameworksBuildPhase;
			buildActionMask = 2147483647;
			files = (
				5384609506FBED1A8EF8F5CC /* Pods_InStockTests.framework in Frameworks */,
			);
			runOnlyForDeploymentPostprocessing = 0;
		};
		AF0F702B29AE104B00077816 /* Frameworks */ = {
			isa = PBXFrameworksBuildPhase;
			buildActionMask = 2147483647;
			files = (
				33F720F807B87DCB40165C08 /* Pods_InStock_InStockUITests.framework in Frameworks */,
			);
			runOnlyForDeploymentPostprocessing = 0;
		};
/* End PBXFrameworksBuildPhase section */

/* Begin PBXGroup section */
		1697E96EE3E5F4817359F309 /* Frameworks */ = {
			isa = PBXGroup;
			children = (
				78E2FBFA0D4485434CB13F6A /* Pods_InStock.framework */,
				7A0FC220F7DFC96DB2B5597D /* Pods_InStock_InStockUITests.framework */,
				B52DAE28F916ADB0B169A659 /* Pods_InStockTests.framework */,
			);
			name = Frameworks;
			sourceTree = "<group>";
		};
		1888E66229B788E100B255A5 /* UserProfileView */ = {
			isa = PBXGroup;
			children = (
				1888E66329B7898500B255A5 /* userProfileViewController.swift */,
				180232E029BA2D7900606514 /* welcomeViewController.swift */,
			);
			path = UserProfileView;
			sourceTree = "<group>";
		};
		18940AE729B4B95A0097F698 /* Constatnt */ = {
			isa = PBXGroup;
			children = (
				18B27C8729B6E41200D5A4F5 /* CoreDataFunctions */,
				18940AE829B4B97D0097F698 /* URLs.swift */,
			);
			path = Constatnt;
			sourceTree = "<group>";
		};
		18940AEE29B4C6710097F698 /* RegisterView */ = {
			isa = PBXGroup;
			children = (
				447832F129B4F27E0006E045 /* RegisterViewController.swift */,
			);
			path = RegisterView;
			sourceTree = "<group>";
		};
		18B27C8729B6E41200D5A4F5 /* CoreDataFunctions */ = {
			isa = PBXGroup;
			children = (
				18B27C8829B6E50600D5A4F5 /* coreDataFunctions.swift */,
				18C3FED229BE31230068C089 /* favProductCoreData.swift */,
			);
			path = CoreDataFunctions;
			sourceTree = "<group>";
		};
		18C3FED429BE34C10068C089 /* WishListView */ = {
			isa = PBXGroup;
			children = (
				18C3FED529BE35130068C089 /* favProductViewController.swift */,
				18C3FED729BE36B40068C089 /* favTableViewCell.swift */,
			);
			path = WishListView;
			sourceTree = "<group>";
		};
		44156EA429B3ECFF00FF473B /* ProductInfoView */ = {
			isa = PBXGroup;
			children = (
				44156EA729B3ED1200FF473B /* productInfoViewController.swift */,
				44156EA929B3ED2B00FF473B /* productImgCollectionViewCell.swift */,
			);
			path = ProductInfoView;
			sourceTree = "<group>";
		};
		447832F329B4F2D20006E045 /* SignInView */ = {
			isa = PBXGroup;
			children = (
				447832F429B4F2E50006E045 /* SignInViewController.swift */,
			);
			path = SignInView;
			sourceTree = "<group>";
		};
		447832F629B4F99D0006E045 /* SearchView */ = {
			isa = PBXGroup;
			children = (
				447832F929B4F9B70006E045 /* ProductCollectionViewCell.swift */,
				447832F729B4F9AD0006E045 /* SearchViewController.swift */,
			);
			path = SearchView;
			sourceTree = "<group>";
		};
		AF06D3C629BBFDB10096F0E8 /* AdressView */ = {
			isa = PBXGroup;
			children = (
				AF06D3C729BBFE050096F0E8 /* AddressTableVC.swift */,
			);
			path = AdressView;
			sourceTree = "<group>";
		};
		AF0F700229AE104800077816 = {
			isa = PBXGroup;
			children = (
				AF0F700D29AE104800077816 /* InStock */,
				AF0F702729AE104B00077816 /* InStockTests */,
				AF0F703129AE104B00077816 /* InStockUITests */,
				AF0F700C29AE104800077816 /* Products */,
				CFDF6ACB2CE01A218A1518D8 /* Pods */,
				1697E96EE3E5F4817359F309 /* Frameworks */,
			);
			sourceTree = "<group>";
		};
		AF0F700C29AE104800077816 /* Products */ = {
			isa = PBXGroup;
			children = (
				AF0F700B29AE104800077816 /* InStock.app */,
				AF0F702429AE104B00077816 /* InStockTests.xctest */,
				AF0F702E29AE104B00077816 /* InStockUITests.xctest */,
			);
			name = Products;
			sourceTree = "<group>";
		};
		AF0F700D29AE104800077816 /* InStock */ = {
			isa = PBXGroup;
			children = (
				AF229CFD29B8D2170050D8BE /* InStock.entitlements */,
				18940AE729B4B95A0097F698 /* Constatnt */,
				F0E9ADEB29B00D6400A9D208 /* View */,
				F0E9ADE929B00D1C00A9D208 /* Modules */,
				F0E9ADE629B00CD200A9D208 /* Utilty */,
				F0E9ADE529B00CCB00A9D208 /* Model */,
				AF0F701F29AE104A00077816 /* Info.plist */,
				AF0F701729AE104800077816 /* InStock.xcdatamodeld */,
			);
			path = InStock;
			sourceTree = "<group>";
		};
		AF0F702729AE104B00077816 /* InStockTests */ = {
			isa = PBXGroup;
			children = (
				AF0F702829AE104B00077816 /* InStockTests.swift */,
			);
			path = InStockTests;
			sourceTree = "<group>";
		};
		AF0F703129AE104B00077816 /* InStockUITests */ = {
			isa = PBXGroup;
			children = (
				AF0F703229AE104B00077816 /* InStockUITests.swift */,
				AF0F703429AE104B00077816 /* InStockUITestsLaunchTests.swift */,
			);
			path = InStockUITests;
			sourceTree = "<group>";
		};
		AF1CD7D829AFD6BA00DA4EE9 /* BrandsView */ = {
			isa = PBXGroup;
			children = (
				F0E9ADEE29B0182A00A9D208 /* BrandsCollectionViewCell.swift */,
			);
			path = BrandsView;
			sourceTree = "<group>";
		};
		AF1CD7D929AFD6CB00DA4EE9 /* CouponView */ = {
			isa = PBXGroup;
			children = (
				AF1CD7D629AFCCA200DA4EE9 /* CouponCollectionViewCell.swift */,
			);
			path = CouponView;
			sourceTree = "<group>";
		};
		AF1F028329BC0F7D00D15819 /* AddAddressView */ = {
			isa = PBXGroup;
			children = (
				AF1F028629BC11D200D15819 /* AddAddressVC.swift */,
			);
			path = AddAddressView;
			sourceTree = "<group>";
		};
		AF229CFA29B8D0C80050D8BE /* PayMethods */ = {
			isa = PBXGroup;
			children = (
				AF229CFB29B8D11C0050D8BE /* PayMethodsVC.swift */,
			);
			path = PayMethods;
			sourceTree = "<group>";
		};
		AF643FF629BE14FC0098B5FF /* AboutContactView */ = {
			isa = PBXGroup;
			children = (
				AF643FF729BE154A0098B5FF /* AboutUsVC.swift */,
				AF643FFA29BE18570098B5FF /* ContactUsVC.swift */,
			);
			path = AboutContactView;
			sourceTree = "<group>";
		};
		AF9EAA3C29B5FFFA00333702 /* CartView */ = {
			isa = PBXGroup;
			children = (
				AF9EAA3D29B6001900333702 /* CartViewController.swift */,
				AF9EAA3F29B6031400333702 /* CartViewCell.swift */,
			);
			path = CartView;
			sourceTree = "<group>";
		};
		AF9EAA4129B605F700333702 /* Cart */ = {
			isa = PBXGroup;
			children = (
				AF9EAA4229B6061100333702 /* CartProductModel.swift */,
				AF9EAA4429B6068E00333702 /* CartModel.swift */,
			);
			path = Cart;
			sourceTree = "<group>";
		};
		AF9EAA4629B607DB00333702 /* Services */ = {
			isa = PBXGroup;
			children = (
				F0E9ADF129B0288300A9D208 /* NetworkManger.swift */,
				AF06D3CD29BC00900096F0E8 /* AddressNetworkManger.swift */,
				F006F7B029BDE1F100D0E864 /* OrderNetworkManger.swift */,
			);
			path = Services;
			sourceTree = "<group>";
		};
		AF9EAA4B29B60C2800333702 /* Repo */ = {
			isa = PBXGroup;
			children = (
				AF9EAA4C29B60C3F00333702 /* CartRepo.swift */,
			);
			path = Repo;
			sourceTree = "<group>";
		};
		AF9EAA4E29B60C6D00333702 /* KeyChain */ = {
			isa = PBXGroup;
			children = (
				AF9EAA4F29B60C9A00333702 /* KeyChain.swift */,
				AF9EAA5129B60D4200333702 /* CartKeyChain.swift */,
			);
			path = KeyChain;
			sourceTree = "<group>";
		};
		AFD9F60F29BAB82F00F51A03 /* PlaceOrder */ = {
			isa = PBXGroup;
			children = (
				AFD9F61029BAB85A00F51A03 /* PlaceOrderVC.swift */,
			);
			path = PlaceOrder;
			sourceTree = "<group>";
		};
		CFDF6ACB2CE01A218A1518D8 /* Pods */ = {
			isa = PBXGroup;
			children = (
				463FF0C418679AF10902C0E9 /* Pods-InStock.debug.xcconfig */,
				004308D6FE6A323CDC447213 /* Pods-InStock.release.xcconfig */,
				44CCB892BA9B21A38FC8373C /* Pods-InStock-InStockUITests.debug.xcconfig */,
				0B95FB56A2F6CBD7478B62A7 /* Pods-InStock-InStockUITests.release.xcconfig */,
				2CF018CBEFB4A918E50D63DB /* Pods-InStockTests.debug.xcconfig */,
				7AE6A8A82C714E9FFE9A4471 /* Pods-InStockTests.release.xcconfig */,
			);
			path = Pods;
			sourceTree = "<group>";
		};
		F006F7B229BDFF9D00D0E864 /* OrderView */ = {
			isa = PBXGroup;
			children = (
				F006F7B329BE021100D0E864 /* OrderTableVC.swift */,
			);
			path = OrderView;
			sourceTree = "<group>";
		};
		F032D7AF29B14634001284D4 /* BrandDetailsView */ = {
			isa = PBXGroup;
			children = (
				F032D7B029B14657001284D4 /* BrandDetailsVC.swift */,
				F032D7B229B14EFF001284D4 /* BrandDetailsCell.swift */,
			);
			path = BrandDetailsView;
			sourceTree = "<group>";
		};
		F043C26029B07EBB00DA7AA5 /* CategoryView */ = {
			isa = PBXGroup;
			children = (
				F043C26129B07EE200DA7AA5 /* CategoryCollectionViewCell.swift */,
				F043C26329B07F0C00DA7AA5 /* CategoryViewController.swift */,
			);
			path = CategoryView;
			sourceTree = "<group>";
		};
		F052EC8829BD616E00D0623B /* SettingsView */ = {
			isa = PBXGroup;
			children = (
				F052EC8929BD61A800D0623B /* SettingsVC.swift */,
				AF643FF429BE006B0098B5FF /* SettingViewCell.swift */,
			);
			path = SettingsView;
			sourceTree = "<group>";
		};
		F0E9ADE529B00CCB00A9D208 /* Model */ = {
			isa = PBXGroup;
			children = (
				F0E9ADF529B0293900A9D208 /* DataModel */,
				F0E9ADF029B0286300A9D208 /* NetworkingServices */,
			);
			path = Model;
			sourceTree = "<group>";
		};
		F0E9ADE629B00CD200A9D208 /* Utilty */ = {
			isa = PBXGroup;
			children = (
				AF0F701029AE104800077816 /* SceneDelegate.swift */,
				AF0F701A29AE104A00077816 /* Assets.xcassets */,
				AF0F700E29AE104800077816 /* AppDelegate.swift */,
			);
			path = Utilty;
			sourceTree = "<group>";
		};
		F0E9ADE829B00CED00A9D208 /* ViewModels */ = {
			isa = PBXGroup;
			children = (
				447832FB29B4FC9C0006E045 /* SearchViewModel.swift */,
				F0E9ADF629B02D5200A9D208 /* HomeViewModel.swift */,
				F043C26529B0898C00DA7AA5 /* CategoryViewModel.swift */,
				44156EAB29B3ED9200FF473B /* ProductInfoViewModel.swift */,
				18B27C8529B6D22500D5A4F5 /* RegisterViewModel.swift */,
				AF06D3CB29BC000A0096F0E8 /* AddressViewModel.swift */,
			);
			path = ViewModels;
			sourceTree = "<group>";
		};
		F0E9ADE929B00D1C00A9D208 /* Modules */ = {
			isa = PBXGroup;
			children = (
				F0E9ADEA29B00D5300A9D208 /* Views */,
				F0E9ADE829B00CED00A9D208 /* ViewModels */,
			);
			path = Modules;
			sourceTree = "<group>";
		};
		F0E9ADEA29B00D5300A9D208 /* Views */ = {
			isa = PBXGroup;
			children = (
				18C3FED429BE34C10068C089 /* WishListView */,
				AF643FF629BE14FC0098B5FF /* AboutContactView */,
				F006F7B229BDFF9D00D0E864 /* OrderView */,
				F052EC8829BD616E00D0623B /* SettingsView */,
				AF1F028329BC0F7D00D15819 /* AddAddressView */,
				AF06D3C629BBFDB10096F0E8 /* AdressView */,
				AF229CFA29B8D0C80050D8BE /* PayMethods */,
				AFD9F60F29BAB82F00F51A03 /* PlaceOrder */,
				AF9EAA3C29B5FFFA00333702 /* CartView */,
				1888E66229B788E100B255A5 /* UserProfileView */,
				447832F629B4F99D0006E045 /* SearchView */,
				447832F329B4F2D20006E045 /* SignInView */,
				18940AEE29B4C6710097F698 /* RegisterView */,
				44156EA429B3ECFF00FF473B /* ProductInfoView */,
				F032D7AF29B14634001284D4 /* BrandDetailsView */,
				F043C26029B07EBB00DA7AA5 /* CategoryView */,
				F0E9ADEC29B00D9300A9D208 /* HomeView */,
			);
			path = Views;
			sourceTree = "<group>";
		};
		F0E9ADEB29B00D6400A9D208 /* View */ = {
			isa = PBXGroup;
			children = (
				AF0F701C29AE104A00077816 /* LaunchScreen.storyboard */,
				AF0F701429AE104800077816 /* Main.storyboard */,
			);
			path = View;
			sourceTree = "<group>";
		};
		F0E9ADEC29B00D9300A9D208 /* HomeView */ = {
			isa = PBXGroup;
			children = (
				AF1CD7D929AFD6CB00DA4EE9 /* CouponView */,
				AF1CD7D829AFD6BA00DA4EE9 /* BrandsView */,
				F0E9ADF829B0499B00A9D208 /* HomeViewExtension.swift */,
				AF0F701229AE104800077816 /* HomeViewController.swift */,
			);
			path = HomeView;
			sourceTree = "<group>";
		};
		F0E9ADF029B0286300A9D208 /* NetworkingServices */ = {
			isa = PBXGroup;
			children = (
				AF9EAA4E29B60C6D00333702 /* KeyChain */,
				AF9EAA4B29B60C2800333702 /* Repo */,
				AF9EAA4629B607DB00333702 /* Services */,
			);
			path = NetworkingServices;
			sourceTree = "<group>";
		};
		F0E9ADF529B0293900A9D208 /* DataModel */ = {
			isa = PBXGroup;
			children = (
				AF9EAA4129B605F700333702 /* Cart */,
				F0E9ADF329B0292F00A9D208 /* DataModel.swift */,
				F0906E4829B2C791009289A3 /* BrandDataModel.swift */,
				44156EAD29B3EDB800FF473B /* productInfoDataModel.swift */,
				18940AEA29B4C4DC0097F698 /* registerDataModel.swift */,
				1888E66529B7D2FF00B255A5 /* LoginDataModel.swift */,
				18940AEC29B4C5D40097F698 /* Encodable + extension.swift */,
				AF06D3C929BBFF0D0096F0E8 /* AddressDataModel.swift */,
				F006F7AE29BDE1B100D0E864 /* OrderDataModel.swift */,
			);
			path = DataModel;
			sourceTree = "<group>";
		};
/* End PBXGroup section */

/* Begin PBXNativeTarget section */
		AF0F700A29AE104800077816 /* InStock */ = {
			isa = PBXNativeTarget;
			buildConfigurationList = AF0F703829AE104B00077816 /* Build configuration list for PBXNativeTarget "InStock" */;
			buildPhases = (
				FAB912A58B2B92AFF6536CEA /* [CP] Check Pods Manifest.lock */,
				AF0F700729AE104800077816 /* Sources */,
				AF0F700829AE104800077816 /* Frameworks */,
				AF0F700929AE104800077816 /* Resources */,
				6F6A2C1DBC5431BAE38DAB41 /* [CP] Embed Pods Frameworks */,
			);
			buildRules = (
			);
			dependencies = (
			);
			name = InStock;
			packageProductDependencies = (
				44156EA029B3EC5800FF473B /* Cosmos */,
				18A876A029B5259700918DD5 /* Alamofire */,
			);
			productName = InStock;
			productReference = AF0F700B29AE104800077816 /* InStock.app */;
			productType = "com.apple.product-type.application";
		};
		AF0F702329AE104B00077816 /* InStockTests */ = {
			isa = PBXNativeTarget;
			buildConfigurationList = AF0F703B29AE104B00077816 /* Build configuration list for PBXNativeTarget "InStockTests" */;
			buildPhases = (
				8D54B94837959183E4A8641D /* [CP] Check Pods Manifest.lock */,
				AF0F702029AE104B00077816 /* Sources */,
				AF0F702129AE104B00077816 /* Frameworks */,
				AF0F702229AE104B00077816 /* Resources */,
			);
			buildRules = (
			);
			dependencies = (
				AF0F702629AE104B00077816 /* PBXTargetDependency */,
			);
			name = InStockTests;
			productName = InStockTests;
			productReference = AF0F702429AE104B00077816 /* InStockTests.xctest */;
			productType = "com.apple.product-type.bundle.unit-test";
		};
		AF0F702D29AE104B00077816 /* InStockUITests */ = {
			isa = PBXNativeTarget;
			buildConfigurationList = AF0F703E29AE104B00077816 /* Build configuration list for PBXNativeTarget "InStockUITests" */;
			buildPhases = (
				CDCB629BC6B7D5E76EAB7676 /* [CP] Check Pods Manifest.lock */,
				AF0F702A29AE104B00077816 /* Sources */,
				AF0F702B29AE104B00077816 /* Frameworks */,
				AF0F702C29AE104B00077816 /* Resources */,
				D8F28497348CD76F76060B17 /* [CP] Embed Pods Frameworks */,
			);
			buildRules = (
			);
			dependencies = (
				AF0F703029AE104B00077816 /* PBXTargetDependency */,
			);
			name = InStockUITests;
			productName = InStockUITests;
			productReference = AF0F702E29AE104B00077816 /* InStockUITests.xctest */;
			productType = "com.apple.product-type.bundle.ui-testing";
		};
/* End PBXNativeTarget section */

/* Begin PBXProject section */
		AF0F700329AE104800077816 /* Project object */ = {
			isa = PBXProject;
			attributes = {
				BuildIndependentTargetsInParallel = 1;
				LastSwiftUpdateCheck = 1420;
				LastUpgradeCheck = 1420;
				TargetAttributes = {
					AF0F700A29AE104800077816 = {
						CreatedOnToolsVersion = 14.2;
					};
					AF0F702329AE104B00077816 = {
						CreatedOnToolsVersion = 14.2;
						TestTargetID = AF0F700A29AE104800077816;
					};
					AF0F702D29AE104B00077816 = {
						CreatedOnToolsVersion = 14.2;
						TestTargetID = AF0F700A29AE104800077816;
					};
				};
			};
			buildConfigurationList = AF0F700629AE104800077816 /* Build configuration list for PBXProject "InStock" */;
			compatibilityVersion = "Xcode 14.0";
			developmentRegion = en;
			hasScannedForEncodings = 0;
			knownRegions = (
				en,
				Base,
			);
			mainGroup = AF0F700229AE104800077816;
			packageReferences = (
				44156E9F29B3EC5800FF473B /* XCRemoteSwiftPackageReference "Cosmos" */,
				18A8769F29B5259700918DD5 /* XCRemoteSwiftPackageReference "Alamofire" */,
			);
			productRefGroup = AF0F700C29AE104800077816 /* Products */;
			projectDirPath = "";
			projectRoot = "";
			targets = (
				AF0F700A29AE104800077816 /* InStock */,
				AF0F702329AE104B00077816 /* InStockTests */,
				AF0F702D29AE104B00077816 /* InStockUITests */,
			);
		};
/* End PBXProject section */

/* Begin PBXResourcesBuildPhase section */
		AF0F700929AE104800077816 /* Resources */ = {
			isa = PBXResourcesBuildPhase;
			buildActionMask = 2147483647;
			files = (
				AF0F701E29AE104A00077816 /* LaunchScreen.storyboard in Resources */,
				AF0F701B29AE104A00077816 /* Assets.xcassets in Resources */,
				AF0F701629AE104800077816 /* Main.storyboard in Resources */,
			);
			runOnlyForDeploymentPostprocessing = 0;
		};
		AF0F702229AE104B00077816 /* Resources */ = {
			isa = PBXResourcesBuildPhase;
			buildActionMask = 2147483647;
			files = (
			);
			runOnlyForDeploymentPostprocessing = 0;
		};
		AF0F702C29AE104B00077816 /* Resources */ = {
			isa = PBXResourcesBuildPhase;
			buildActionMask = 2147483647;
			files = (
			);
			runOnlyForDeploymentPostprocessing = 0;
		};
/* End PBXResourcesBuildPhase section */

/* Begin PBXShellScriptBuildPhase section */
		6F6A2C1DBC5431BAE38DAB41 /* [CP] Embed Pods Frameworks */ = {
			isa = PBXShellScriptBuildPhase;
			buildActionMask = 2147483647;
			files = (
			);
			inputFileListPaths = (
				"${PODS_ROOT}/Target Support Files/Pods-InStock/Pods-InStock-frameworks-${CONFIGURATION}-input-files.xcfilelist",
			);
			name = "[CP] Embed Pods Frameworks";
			outputFileListPaths = (
				"${PODS_ROOT}/Target Support Files/Pods-InStock/Pods-InStock-frameworks-${CONFIGURATION}-output-files.xcfilelist",
			);
			runOnlyForDeploymentPostprocessing = 0;
			shellPath = /bin/sh;
			shellScript = "\"${PODS_ROOT}/Target Support Files/Pods-InStock/Pods-InStock-frameworks.sh\"\n";
			showEnvVarsInLog = 0;
		};
		8D54B94837959183E4A8641D /* [CP] Check Pods Manifest.lock */ = {
			isa = PBXShellScriptBuildPhase;
			buildActionMask = 2147483647;
			files = (
			);
			inputFileListPaths = (
			);
			inputPaths = (
				"${PODS_PODFILE_DIR_PATH}/Podfile.lock",
				"${PODS_ROOT}/Manifest.lock",
			);
			name = "[CP] Check Pods Manifest.lock";
			outputFileListPaths = (
			);
			outputPaths = (
				"$(DERIVED_FILE_DIR)/Pods-InStockTests-checkManifestLockResult.txt",
			);
			runOnlyForDeploymentPostprocessing = 0;
			shellPath = /bin/sh;
			shellScript = "diff \"${PODS_PODFILE_DIR_PATH}/Podfile.lock\" \"${PODS_ROOT}/Manifest.lock\" > /dev/null\nif [ $? != 0 ] ; then\n    # print error to STDERR\n    echo \"error: The sandbox is not in sync with the Podfile.lock. Run 'pod install' or update your CocoaPods installation.\" >&2\n    exit 1\nfi\n# This output is used by Xcode 'outputs' to avoid re-running this script phase.\necho \"SUCCESS\" > \"${SCRIPT_OUTPUT_FILE_0}\"\n";
			showEnvVarsInLog = 0;
		};
		CDCB629BC6B7D5E76EAB7676 /* [CP] Check Pods Manifest.lock */ = {
			isa = PBXShellScriptBuildPhase;
			buildActionMask = 2147483647;
			files = (
			);
			inputFileListPaths = (
			);
			inputPaths = (
				"${PODS_PODFILE_DIR_PATH}/Podfile.lock",
				"${PODS_ROOT}/Manifest.lock",
			);
			name = "[CP] Check Pods Manifest.lock";
			outputFileListPaths = (
			);
			outputPaths = (
				"$(DERIVED_FILE_DIR)/Pods-InStock-InStockUITests-checkManifestLockResult.txt",
			);
			runOnlyForDeploymentPostprocessing = 0;
			shellPath = /bin/sh;
			shellScript = "diff \"${PODS_PODFILE_DIR_PATH}/Podfile.lock\" \"${PODS_ROOT}/Manifest.lock\" > /dev/null\nif [ $? != 0 ] ; then\n    # print error to STDERR\n    echo \"error: The sandbox is not in sync with the Podfile.lock. Run 'pod install' or update your CocoaPods installation.\" >&2\n    exit 1\nfi\n# This output is used by Xcode 'outputs' to avoid re-running this script phase.\necho \"SUCCESS\" > \"${SCRIPT_OUTPUT_FILE_0}\"\n";
			showEnvVarsInLog = 0;
		};
		D8F28497348CD76F76060B17 /* [CP] Embed Pods Frameworks */ = {
			isa = PBXShellScriptBuildPhase;
			buildActionMask = 2147483647;
			files = (
			);
			inputFileListPaths = (
				"${PODS_ROOT}/Target Support Files/Pods-InStock-InStockUITests/Pods-InStock-InStockUITests-frameworks-${CONFIGURATION}-input-files.xcfilelist",
			);
			name = "[CP] Embed Pods Frameworks";
			outputFileListPaths = (
				"${PODS_ROOT}/Target Support Files/Pods-InStock-InStockUITests/Pods-InStock-InStockUITests-frameworks-${CONFIGURATION}-output-files.xcfilelist",
			);
			runOnlyForDeploymentPostprocessing = 0;
			shellPath = /bin/sh;
			shellScript = "\"${PODS_ROOT}/Target Support Files/Pods-InStock-InStockUITests/Pods-InStock-InStockUITests-frameworks.sh\"\n";
			showEnvVarsInLog = 0;
		};
		FAB912A58B2B92AFF6536CEA /* [CP] Check Pods Manifest.lock */ = {
			isa = PBXShellScriptBuildPhase;
			buildActionMask = 2147483647;
			files = (
			);
			inputFileListPaths = (
			);
			inputPaths = (
				"${PODS_PODFILE_DIR_PATH}/Podfile.lock",
				"${PODS_ROOT}/Manifest.lock",
			);
			name = "[CP] Check Pods Manifest.lock";
			outputFileListPaths = (
			);
			outputPaths = (
				"$(DERIVED_FILE_DIR)/Pods-InStock-checkManifestLockResult.txt",
			);
			runOnlyForDeploymentPostprocessing = 0;
			shellPath = /bin/sh;
			shellScript = "diff \"${PODS_PODFILE_DIR_PATH}/Podfile.lock\" \"${PODS_ROOT}/Manifest.lock\" > /dev/null\nif [ $? != 0 ] ; then\n    # print error to STDERR\n    echo \"error: The sandbox is not in sync with the Podfile.lock. Run 'pod install' or update your CocoaPods installation.\" >&2\n    exit 1\nfi\n# This output is used by Xcode 'outputs' to avoid re-running this script phase.\necho \"SUCCESS\" > \"${SCRIPT_OUTPUT_FILE_0}\"\n";
			showEnvVarsInLog = 0;
		};
/* End PBXShellScriptBuildPhase section */

/* Begin PBXSourcesBuildPhase section */
		AF0F700729AE104800077816 /* Sources */ = {
			isa = PBXSourcesBuildPhase;
			buildActionMask = 2147483647;
			files = (
				44156EAA29B3ED2C00FF473B /* productImgCollectionViewCell.swift in Sources */,
				AF643FF529BE006B0098B5FF /* SettingViewCell.swift in Sources */,
				F0E9ADF429B0292F00A9D208 /* DataModel.swift in Sources */,
				447832FA29B4F9B70006E045 /* ProductCollectionViewCell.swift in Sources */,
				AF643FFB29BE18570098B5FF /* ContactUsVC.swift in Sources */,
				AF9EAA4D29B60C4000333702 /* CartRepo.swift in Sources */,
				1888E66429B7898600B255A5 /* userProfileViewController.swift in Sources */,
				18B27C8629B6D22600D5A4F5 /* RegisterViewModel.swift in Sources */,
				F052EC8A29BD61A800D0623B /* SettingsVC.swift in Sources */,
				F0906E4929B2C791009289A3 /* BrandDataModel.swift in Sources */,
				447832F829B4F9AD0006E045 /* SearchViewController.swift in Sources */,
				AF9EAA4329B6061100333702 /* CartProductModel.swift in Sources */,
				F0E9ADF229B0288300A9D208 /* NetworkManger.swift in Sources */,
				18940AEB29B4C4DC0097F698 /* registerDataModel.swift in Sources */,
				18B27C8929B6E50700D5A4F5 /* coreDataFunctions.swift in Sources */,
				AF1CD7D729AFCCA200DA4EE9 /* CouponCollectionViewCell.swift in Sources */,
				AF0F701329AE104800077816 /* HomeViewController.swift in Sources */,
				F043C26429B07F0C00DA7AA5 /* CategoryViewController.swift in Sources */,
				AF06D3CC29BC000A0096F0E8 /* AddressViewModel.swift in Sources */,
				44156EA829B3ED1200FF473B /* productInfoViewController.swift in Sources */,
				18940AED29B4C5D40097F698 /* Encodable + extension.swift in Sources */,
				F0E9ADF929B0499B00A9D208 /* HomeViewExtension.swift in Sources */,
				AFD9F61129BAB85B00F51A03 /* PlaceOrderVC.swift in Sources */,
				AF643FF829BE154A0098B5FF /* AboutUsVC.swift in Sources */,
				F0E9ADF729B02D5200A9D208 /* HomeViewModel.swift in Sources */,
				AF9EAA4529B6068E00333702 /* CartModel.swift in Sources */,
				18940AE929B4B97D0097F698 /* URLs.swift in Sources */,
				AF06D3CE29BC00900096F0E8 /* AddressNetworkManger.swift in Sources */,
				18C3FED329BE31230068C089 /* favProductCoreData.swift in Sources */,
				AF0F700F29AE104800077816 /* AppDelegate.swift in Sources */,
				AF9EAA5229B60D4200333702 /* CartKeyChain.swift in Sources */,
				AF06D3CA29BBFF0D0096F0E8 /* AddressDataModel.swift in Sources */,
				F0E9ADEF29B0182A00A9D208 /* BrandsCollectionViewCell.swift in Sources */,
				18C3FED629BE35130068C089 /* favProductViewController.swift in Sources */,
				1888E66629B7D30100B255A5 /* LoginDataModel.swift in Sources */,
				F006F7B429BE021100D0E864 /* OrderTableVC.swift in Sources */,
				AF229CFC29B8D11C0050D8BE /* PayMethodsVC.swift in Sources */,
				180232E129BA2D7C00606514 /* welcomeViewController.swift in Sources */,
				F006F7B129BDE1F100D0E864 /* OrderNetworkManger.swift in Sources */,
				447832FC29B4FC9C0006E045 /* SearchViewModel.swift in Sources */,
				18C3FED829BE36B40068C089 /* favTableViewCell.swift in Sources */,
				F043C26629B0898C00DA7AA5 /* CategoryViewModel.swift in Sources */,
				44156EAE29B3EDB800FF473B /* productInfoDataModel.swift in Sources */,
				447832F529B4F2E50006E045 /* SignInViewController.swift in Sources */,
				AF9EAA3E29B6001900333702 /* CartViewController.swift in Sources */,
				AF1F028729BC11D200D15819 /* AddAddressVC.swift in Sources */,
				F043C26229B07EE200DA7AA5 /* CategoryCollectionViewCell.swift in Sources */,
				AF9EAA4029B6031400333702 /* CartViewCell.swift in Sources */,
				F032D7B129B14657001284D4 /* BrandDetailsVC.swift in Sources */,
				F032D7B329B14EFF001284D4 /* BrandDetailsCell.swift in Sources */,
				44156EAC29B3ED9200FF473B /* ProductInfoViewModel.swift in Sources */,
				447832F229B4F27E0006E045 /* RegisterViewController.swift in Sources */,
				AF9EAA5029B60C9A00333702 /* KeyChain.swift in Sources */,
				AF0F701129AE104800077816 /* SceneDelegate.swift in Sources */,
				AF06D3C829BBFE050096F0E8 /* AddressTableVC.swift in Sources */,
				F006F7AF29BDE1B100D0E864 /* OrderDataModel.swift in Sources */,
				AF0F701929AE104800077816 /* InStock.xcdatamodeld in Sources */,
			);
			runOnlyForDeploymentPostprocessing = 0;
		};
		AF0F702029AE104B00077816 /* Sources */ = {
			isa = PBXSourcesBuildPhase;
			buildActionMask = 2147483647;
			files = (
				AF0F702929AE104B00077816 /* InStockTests.swift in Sources */,
			);
			runOnlyForDeploymentPostprocessing = 0;
		};
		AF0F702A29AE104B00077816 /* Sources */ = {
			isa = PBXSourcesBuildPhase;
			buildActionMask = 2147483647;
			files = (
				AF0F703529AE104B00077816 /* InStockUITestsLaunchTests.swift in Sources */,
				AF0F703329AE104B00077816 /* InStockUITests.swift in Sources */,
			);
			runOnlyForDeploymentPostprocessing = 0;
		};
/* End PBXSourcesBuildPhase section */

/* Begin PBXTargetDependency section */
		AF0F702629AE104B00077816 /* PBXTargetDependency */ = {
			isa = PBXTargetDependency;
			target = AF0F700A29AE104800077816 /* InStock */;
			targetProxy = AF0F702529AE104B00077816 /* PBXContainerItemProxy */;
		};
		AF0F703029AE104B00077816 /* PBXTargetDependency */ = {
			isa = PBXTargetDependency;
			target = AF0F700A29AE104800077816 /* InStock */;
			targetProxy = AF0F702F29AE104B00077816 /* PBXContainerItemProxy */;
		};
/* End PBXTargetDependency section */

/* Begin PBXVariantGroup section */
		AF0F701429AE104800077816 /* Main.storyboard */ = {
			isa = PBXVariantGroup;
			children = (
				AF0F701529AE104800077816 /* Base */,
			);
			name = Main.storyboard;
			sourceTree = "<group>";
		};
		AF0F701C29AE104A00077816 /* LaunchScreen.storyboard */ = {
			isa = PBXVariantGroup;
			children = (
				AF0F701D29AE104A00077816 /* Base */,
			);
			name = LaunchScreen.storyboard;
			sourceTree = "<group>";
		};
/* End PBXVariantGroup section */

/* Begin XCBuildConfiguration section */
		AF0F703629AE104B00077816 /* Debug */ = {
			isa = XCBuildConfiguration;
			buildSettings = {
				ALWAYS_SEARCH_USER_PATHS = NO;
				CLANG_ANALYZER_NONNULL = YES;
				CLANG_ANALYZER_NUMBER_OBJECT_CONVERSION = YES_AGGRESSIVE;
				CLANG_CXX_LANGUAGE_STANDARD = "gnu++20";
				CLANG_ENABLE_MODULES = YES;
				CLANG_ENABLE_OBJC_ARC = YES;
				CLANG_ENABLE_OBJC_WEAK = YES;
				CLANG_WARN_BLOCK_CAPTURE_AUTORELEASING = YES;
				CLANG_WARN_BOOL_CONVERSION = YES;
				CLANG_WARN_COMMA = YES;
				CLANG_WARN_CONSTANT_CONVERSION = YES;
				CLANG_WARN_DEPRECATED_OBJC_IMPLEMENTATIONS = YES;
				CLANG_WARN_DIRECT_OBJC_ISA_USAGE = YES_ERROR;
				CLANG_WARN_DOCUMENTATION_COMMENTS = YES;
				CLANG_WARN_EMPTY_BODY = YES;
				CLANG_WARN_ENUM_CONVERSION = YES;
				CLANG_WARN_INFINITE_RECURSION = YES;
				CLANG_WARN_INT_CONVERSION = YES;
				CLANG_WARN_NON_LITERAL_NULL_CONVERSION = YES;
				CLANG_WARN_OBJC_IMPLICIT_RETAIN_SELF = YES;
				CLANG_WARN_OBJC_LITERAL_CONVERSION = YES;
				CLANG_WARN_OBJC_ROOT_CLASS = YES_ERROR;
				CLANG_WARN_QUOTED_INCLUDE_IN_FRAMEWORK_HEADER = YES;
				CLANG_WARN_RANGE_LOOP_ANALYSIS = YES;
				CLANG_WARN_STRICT_PROTOTYPES = YES;
				CLANG_WARN_SUSPICIOUS_MOVE = YES;
				CLANG_WARN_UNGUARDED_AVAILABILITY = YES_AGGRESSIVE;
				CLANG_WARN_UNREACHABLE_CODE = YES;
				CLANG_WARN__DUPLICATE_METHOD_MATCH = YES;
				COPY_PHASE_STRIP = NO;
				DEBUG_INFORMATION_FORMAT = dwarf;
				ENABLE_STRICT_OBJC_MSGSEND = YES;
				ENABLE_TESTABILITY = YES;
				GCC_C_LANGUAGE_STANDARD = gnu11;
				GCC_DYNAMIC_NO_PIC = NO;
				GCC_NO_COMMON_BLOCKS = YES;
				GCC_OPTIMIZATION_LEVEL = 0;
				GCC_PREPROCESSOR_DEFINITIONS = (
					"DEBUG=1",
					"$(inherited)",
				);
				GCC_WARN_64_TO_32_BIT_CONVERSION = YES;
				GCC_WARN_ABOUT_RETURN_TYPE = YES_ERROR;
				GCC_WARN_UNDECLARED_SELECTOR = YES;
				GCC_WARN_UNINITIALIZED_AUTOS = YES_AGGRESSIVE;
				GCC_WARN_UNUSED_FUNCTION = YES;
				GCC_WARN_UNUSED_VARIABLE = YES;
				IPHONEOS_DEPLOYMENT_TARGET = 16.2;
				MTL_ENABLE_DEBUG_INFO = INCLUDE_SOURCE;
				MTL_FAST_MATH = YES;
				ONLY_ACTIVE_ARCH = YES;
				SDKROOT = iphoneos;
				SWIFT_ACTIVE_COMPILATION_CONDITIONS = DEBUG;
				SWIFT_OPTIMIZATION_LEVEL = "-Onone";
			};
			name = Debug;
		};
		AF0F703729AE104B00077816 /* Release */ = {
			isa = XCBuildConfiguration;
			buildSettings = {
				ALWAYS_SEARCH_USER_PATHS = NO;
				CLANG_ANALYZER_NONNULL = YES;
				CLANG_ANALYZER_NUMBER_OBJECT_CONVERSION = YES_AGGRESSIVE;
				CLANG_CXX_LANGUAGE_STANDARD = "gnu++20";
				CLANG_ENABLE_MODULES = YES;
				CLANG_ENABLE_OBJC_ARC = YES;
				CLANG_ENABLE_OBJC_WEAK = YES;
				CLANG_WARN_BLOCK_CAPTURE_AUTORELEASING = YES;
				CLANG_WARN_BOOL_CONVERSION = YES;
				CLANG_WARN_COMMA = YES;
				CLANG_WARN_CONSTANT_CONVERSION = YES;
				CLANG_WARN_DEPRECATED_OBJC_IMPLEMENTATIONS = YES;
				CLANG_WARN_DIRECT_OBJC_ISA_USAGE = YES_ERROR;
				CLANG_WARN_DOCUMENTATION_COMMENTS = YES;
				CLANG_WARN_EMPTY_BODY = YES;
				CLANG_WARN_ENUM_CONVERSION = YES;
				CLANG_WARN_INFINITE_RECURSION = YES;
				CLANG_WARN_INT_CONVERSION = YES;
				CLANG_WARN_NON_LITERAL_NULL_CONVERSION = YES;
				CLANG_WARN_OBJC_IMPLICIT_RETAIN_SELF = YES;
				CLANG_WARN_OBJC_LITERAL_CONVERSION = YES;
				CLANG_WARN_OBJC_ROOT_CLASS = YES_ERROR;
				CLANG_WARN_QUOTED_INCLUDE_IN_FRAMEWORK_HEADER = YES;
				CLANG_WARN_RANGE_LOOP_ANALYSIS = YES;
				CLANG_WARN_STRICT_PROTOTYPES = YES;
				CLANG_WARN_SUSPICIOUS_MOVE = YES;
				CLANG_WARN_UNGUARDED_AVAILABILITY = YES_AGGRESSIVE;
				CLANG_WARN_UNREACHABLE_CODE = YES;
				CLANG_WARN__DUPLICATE_METHOD_MATCH = YES;
				COPY_PHASE_STRIP = NO;
				DEBUG_INFORMATION_FORMAT = "dwarf-with-dsym";
				ENABLE_NS_ASSERTIONS = NO;
				ENABLE_STRICT_OBJC_MSGSEND = YES;
				GCC_C_LANGUAGE_STANDARD = gnu11;
				GCC_NO_COMMON_BLOCKS = YES;
				GCC_WARN_64_TO_32_BIT_CONVERSION = YES;
				GCC_WARN_ABOUT_RETURN_TYPE = YES_ERROR;
				GCC_WARN_UNDECLARED_SELECTOR = YES;
				GCC_WARN_UNINITIALIZED_AUTOS = YES_AGGRESSIVE;
				GCC_WARN_UNUSED_FUNCTION = YES;
				GCC_WARN_UNUSED_VARIABLE = YES;
				IPHONEOS_DEPLOYMENT_TARGET = 16.2;
				MTL_ENABLE_DEBUG_INFO = NO;
				MTL_FAST_MATH = YES;
				SDKROOT = iphoneos;
				SWIFT_COMPILATION_MODE = wholemodule;
				SWIFT_OPTIMIZATION_LEVEL = "-O";
				VALIDATE_PRODUCT = YES;
			};
			name = Release;
		};
		AF0F703929AE104B00077816 /* Debug */ = {
			isa = XCBuildConfiguration;
			baseConfigurationReference = 463FF0C418679AF10902C0E9 /* Pods-InStock.debug.xcconfig */;
			buildSettings = {
				ASSETCATALOG_COMPILER_APPICON_NAME = AppIcon;
				ASSETCATALOG_COMPILER_GLOBAL_ACCENT_COLOR_NAME = AccentColor;
				CODE_SIGN_ENTITLEMENTS = InStock/InStock.entitlements;
				CODE_SIGN_STYLE = Automatic;
				CURRENT_PROJECT_VERSION = 1;
				DEVELOPMENT_TEAM = VUTMR6DAAQ;
				GENERATE_INFOPLIST_FILE = YES;
				INFOPLIST_FILE = InStock/Info.plist;
				INFOPLIST_KEY_UIApplicationSupportsIndirectInputEvents = YES;
				INFOPLIST_KEY_UILaunchStoryboardName = LaunchScreen;
				INFOPLIST_KEY_UIMainStoryboardFile = Main;
				INFOPLIST_KEY_UISupportedInterfaceOrientations_iPad = "UIInterfaceOrientationPortrait UIInterfaceOrientationPortraitUpsideDown UIInterfaceOrientationLandscapeLeft UIInterfaceOrientationLandscapeRight";
				INFOPLIST_KEY_UISupportedInterfaceOrientations_iPhone = "UIInterfaceOrientationPortrait UIInterfaceOrientationLandscapeLeft UIInterfaceOrientationLandscapeRight";
				LD_RUNPATH_SEARCH_PATHS = (
					"$(inherited)",
					"@executable_path/Frameworks",
				);
				MARKETING_VERSION = 1.0;
				PRODUCT_BUNDLE_IDENTIFIER = iti.InStock;
				PRODUCT_NAME = "$(TARGET_NAME)";
				SWIFT_EMIT_LOC_STRINGS = YES;
				SWIFT_VERSION = 5.0;
				TARGETED_DEVICE_FAMILY = "1,2";
			};
			name = Debug;
		};
		AF0F703A29AE104B00077816 /* Release */ = {
			isa = XCBuildConfiguration;
			baseConfigurationReference = 004308D6FE6A323CDC447213 /* Pods-InStock.release.xcconfig */;
			buildSettings = {
				ASSETCATALOG_COMPILER_APPICON_NAME = AppIcon;
				ASSETCATALOG_COMPILER_GLOBAL_ACCENT_COLOR_NAME = AccentColor;
				CODE_SIGN_ENTITLEMENTS = InStock/InStock.entitlements;
				CODE_SIGN_STYLE = Automatic;
				CURRENT_PROJECT_VERSION = 1;
				DEVELOPMENT_TEAM = VUTMR6DAAQ;
				GENERATE_INFOPLIST_FILE = YES;
				INFOPLIST_FILE = InStock/Info.plist;
				INFOPLIST_KEY_UIApplicationSupportsIndirectInputEvents = YES;
				INFOPLIST_KEY_UILaunchStoryboardName = LaunchScreen;
				INFOPLIST_KEY_UIMainStoryboardFile = Main;
				INFOPLIST_KEY_UISupportedInterfaceOrientations_iPad = "UIInterfaceOrientationPortrait UIInterfaceOrientationPortraitUpsideDown UIInterfaceOrientationLandscapeLeft UIInterfaceOrientationLandscapeRight";
				INFOPLIST_KEY_UISupportedInterfaceOrientations_iPhone = "UIInterfaceOrientationPortrait UIInterfaceOrientationLandscapeLeft UIInterfaceOrientationLandscapeRight";
				LD_RUNPATH_SEARCH_PATHS = (
					"$(inherited)",
					"@executable_path/Frameworks",
				);
				MARKETING_VERSION = 1.0;
				PRODUCT_BUNDLE_IDENTIFIER = iti.InStock;
				PRODUCT_NAME = "$(TARGET_NAME)";
				SWIFT_EMIT_LOC_STRINGS = YES;
				SWIFT_VERSION = 5.0;
				TARGETED_DEVICE_FAMILY = "1,2";
			};
			name = Release;
		};
		AF0F703C29AE104B00077816 /* Debug */ = {
			isa = XCBuildConfiguration;
			baseConfigurationReference = 2CF018CBEFB4A918E50D63DB /* Pods-InStockTests.debug.xcconfig */;
			buildSettings = {
				BUNDLE_LOADER = "$(TEST_HOST)";
				CODE_SIGN_STYLE = Automatic;
				CURRENT_PROJECT_VERSION = 1;
				GENERATE_INFOPLIST_FILE = YES;
				IPHONEOS_DEPLOYMENT_TARGET = 16.2;
				MARKETING_VERSION = 1.0;
				PRODUCT_BUNDLE_IDENTIFIER = iti.InStockTests;
				PRODUCT_NAME = "$(TARGET_NAME)";
				SWIFT_EMIT_LOC_STRINGS = NO;
				SWIFT_VERSION = 5.0;
				TARGETED_DEVICE_FAMILY = "1,2";
				TEST_HOST = "$(BUILT_PRODUCTS_DIR)/InStock.app/$(BUNDLE_EXECUTABLE_FOLDER_PATH)/InStock";
			};
			name = Debug;
		};
		AF0F703D29AE104B00077816 /* Release */ = {
			isa = XCBuildConfiguration;
			baseConfigurationReference = 7AE6A8A82C714E9FFE9A4471 /* Pods-InStockTests.release.xcconfig */;
			buildSettings = {
				BUNDLE_LOADER = "$(TEST_HOST)";
				CODE_SIGN_STYLE = Automatic;
				CURRENT_PROJECT_VERSION = 1;
				GENERATE_INFOPLIST_FILE = YES;
				IPHONEOS_DEPLOYMENT_TARGET = 16.2;
				MARKETING_VERSION = 1.0;
				PRODUCT_BUNDLE_IDENTIFIER = iti.InStockTests;
				PRODUCT_NAME = "$(TARGET_NAME)";
				SWIFT_EMIT_LOC_STRINGS = NO;
				SWIFT_VERSION = 5.0;
				TARGETED_DEVICE_FAMILY = "1,2";
				TEST_HOST = "$(BUILT_PRODUCTS_DIR)/InStock.app/$(BUNDLE_EXECUTABLE_FOLDER_PATH)/InStock";
			};
			name = Release;
		};
		AF0F703F29AE104B00077816 /* Debug */ = {
			isa = XCBuildConfiguration;
			baseConfigurationReference = 44CCB892BA9B21A38FC8373C /* Pods-InStock-InStockUITests.debug.xcconfig */;
			buildSettings = {
				CODE_SIGN_STYLE = Automatic;
				CURRENT_PROJECT_VERSION = 1;
				GENERATE_INFOPLIST_FILE = YES;
				MARKETING_VERSION = 1.0;
				PRODUCT_BUNDLE_IDENTIFIER = iti.InStockUITests;
				PRODUCT_NAME = "$(TARGET_NAME)";
				SWIFT_EMIT_LOC_STRINGS = NO;
				SWIFT_VERSION = 5.0;
				TARGETED_DEVICE_FAMILY = "1,2";
				TEST_TARGET_NAME = InStock;
			};
			name = Debug;
		};
		AF0F704029AE104B00077816 /* Release */ = {
			isa = XCBuildConfiguration;
			baseConfigurationReference = 0B95FB56A2F6CBD7478B62A7 /* Pods-InStock-InStockUITests.release.xcconfig */;
			buildSettings = {
				CODE_SIGN_STYLE = Automatic;
				CURRENT_PROJECT_VERSION = 1;
				GENERATE_INFOPLIST_FILE = YES;
				MARKETING_VERSION = 1.0;
				PRODUCT_BUNDLE_IDENTIFIER = iti.InStockUITests;
				PRODUCT_NAME = "$(TARGET_NAME)";
				SWIFT_EMIT_LOC_STRINGS = NO;
				SWIFT_VERSION = 5.0;
				TARGETED_DEVICE_FAMILY = "1,2";
				TEST_TARGET_NAME = InStock;
			};
			name = Release;
		};
/* End XCBuildConfiguration section */

/* Begin XCConfigurationList section */
		AF0F700629AE104800077816 /* Build configuration list for PBXProject "InStock" */ = {
			isa = XCConfigurationList;
			buildConfigurations = (
				AF0F703629AE104B00077816 /* Debug */,
				AF0F703729AE104B00077816 /* Release */,
			);
			defaultConfigurationIsVisible = 0;
			defaultConfigurationName = Release;
		};
		AF0F703829AE104B00077816 /* Build configuration list for PBXNativeTarget "InStock" */ = {
			isa = XCConfigurationList;
			buildConfigurations = (
				AF0F703929AE104B00077816 /* Debug */,
				AF0F703A29AE104B00077816 /* Release */,
			);
			defaultConfigurationIsVisible = 0;
			defaultConfigurationName = Release;
		};
		AF0F703B29AE104B00077816 /* Build configuration list for PBXNativeTarget "InStockTests" */ = {
			isa = XCConfigurationList;
			buildConfigurations = (
				AF0F703C29AE104B00077816 /* Debug */,
				AF0F703D29AE104B00077816 /* Release */,
			);
			defaultConfigurationIsVisible = 0;
			defaultConfigurationName = Release;
		};
		AF0F703E29AE104B00077816 /* Build configuration list for PBXNativeTarget "InStockUITests" */ = {
			isa = XCConfigurationList;
			buildConfigurations = (
				AF0F703F29AE104B00077816 /* Debug */,
				AF0F704029AE104B00077816 /* Release */,
			);
			defaultConfigurationIsVisible = 0;
			defaultConfigurationName = Release;
		};
/* End XCConfigurationList section */

/* Begin XCRemoteSwiftPackageReference section */
		18A8769F29B5259700918DD5 /* XCRemoteSwiftPackageReference "Alamofire" */ = {
			isa = XCRemoteSwiftPackageReference;
			repositoryURL = "https://github.com/Alamofire/Alamofire.git";
			requirement = {
				branch = master;
				kind = branch;
			};
		};
		44156E9F29B3EC5800FF473B /* XCRemoteSwiftPackageReference "Cosmos" */ = {
			isa = XCRemoteSwiftPackageReference;
			repositoryURL = "https://github.com/evgenyneu/Cosmos.git";
			requirement = {
				branch = master;
				kind = branch;
			};
		};
/* End XCRemoteSwiftPackageReference section */

/* Begin XCSwiftPackageProductDependency section */
		18A876A029B5259700918DD5 /* Alamofire */ = {
			isa = XCSwiftPackageProductDependency;
			package = 18A8769F29B5259700918DD5 /* XCRemoteSwiftPackageReference "Alamofire" */;
			productName = Alamofire;
		};
		44156EA029B3EC5800FF473B /* Cosmos */ = {
			isa = XCSwiftPackageProductDependency;
			package = 44156E9F29B3EC5800FF473B /* XCRemoteSwiftPackageReference "Cosmos" */;
			productName = Cosmos;
		};
/* End XCSwiftPackageProductDependency section */

/* Begin XCVersionGroup section */
		AF0F701729AE104800077816 /* InStock.xcdatamodeld */ = {
			isa = XCVersionGroup;
			children = (
				AF0F701829AE104800077816 /* InStock.xcdatamodel */,
			);
			currentVersion = AF0F701829AE104800077816 /* InStock.xcdatamodel */;
			path = InStock.xcdatamodeld;
			sourceTree = "<group>";
			versionGroupType = wrapper.xcdatamodel;
		};
/* End XCVersionGroup section */
	};
	rootObject = AF0F700329AE104800077816 /* Project object */;
}
